
Microsoft Visual Studio Solution File, Format Version 12.00
# Visual Studio Version 17
VisualStudioVersion = 17.13.35806.99 d17.13
MinimumVisualStudioVersion = 10.0.40219.1
Project("{FAE04EC0-301F-11D3-BF4B-00C04F79EFBC}") = "Servicio_Read", "Servicio_Read.csproj", "{F89A73D2-C85E-45CF-A87D-C0E458110ECF}"
EndProject
Global
	GlobalSection(SolutionConfigurationPlatforms) = preSolution
		Debug|Any CPU = Debug|Any CPU
		Release|Any CPU = Release|Any CPU
	EndGlobalSection
	GlobalSection(ProjectConfigurationPlatforms) = postSolution
		{F89A73D2-C85E-45CF-A87D-C0E458110ECF}.Debug|Any CPU.ActiveCfg = Debug|Any CPU
		{F89A73D2-C85E-45CF-A87D-C0E458110ECF}.Debug|Any CPU.Build.0 = Debug|Any CPU
		{F89A73D2-C85E-45CF-A87D-C0E458110ECF}.Release|Any CPU.ActiveCfg = Release|Any CPU
		{F89A73D2-C85E-45CF-A87D-C0E458110ECF}.Release|Any CPU.Build.0 = Release|Any CPU
	EndGlobalSection
	GlobalSection(SolutionProperties) = preSolution
		HideSolutionNode = FALSE
	EndGlobalSection
	GlobalSection(ExtensibilityGlobals) = postSolution
		SolutionGuid = {144159CB-C7EE-41E7-97B3-D4D86E9AFCAE}
	EndGlobalSection
EndGlobal
